
Microsoft Visual Studio Solution File, Format Version 12.00
# Visual Studio 15
VisualStudioVersion = 15.0.28307.902
MinimumVisualStudioVersion = 10.0.40219.1
Project("{8BC9CEB8-8B4A-11D0-8D11-00A0C91BC942}") = "AssignmentY1S1A", "AssignmentY1S1A\AssignmentY1S1A.vcxproj", "{D3B27898-21E6-46BC-8076-2EC091338BAB}"
EndProject
Global
	GlobalSection(SolutionConfigurationPlatforms) = preSolution
		Debug|x64 = Debug|x64
		Debug|x86 = Debug|x86
		Release|x64 = Release|x64
		Release|x86 = Release|x86
	EndGlobalSection
	GlobalSection(ProjectConfigurationPlatforms) = postSolution
		{D3B27898-21E6-46BC-8076-2EC091338BAB}.Debug|x64.ActiveCfg = Debug|x64
		{D3B27898-21E6-46BC-8076-2EC091338BAB}.Debug|x64.Build.0 = Debug|x64
		{D3B27898-21E6-46BC-8076-2EC091338BAB}.Debug|x86.ActiveCfg = Debug|Win32
		{D3B27898-21E6-46BC-8076-2EC091338BAB}.Debug|x86.Build.0 = Debug|Win32
		{D3B27898-21E6-46BC-8076-2EC091338BAB}.Release|x64.ActiveCfg = Release|x64
		{D3B27898-21E6-46BC-8076-2EC091338BAB}.Release|x64.Build.0 = Release|x64
		{D3B27898-21E6-46BC-8076-2EC091338BAB}.Release|x86.ActiveCfg = Release|Win32
		{D3B27898-21E6-46BC-8076-2EC091338BAB}.Release|x86.Build.0 = Release|Win32
	EndGlobalSection
	GlobalSection(SolutionProperties) = preSolution
		HideSolutionNode = FALSE
	EndGlobalSection
	GlobalSection(ExtensibilityGlobals) = postSolution
		SolutionGuid = {52FCE7CD-FFC2-4AE7-BA27-593179798AEE}
	EndGlobalSection
EndGlobal
